
Microsoft Visual Studio Solution File, Format Version 12.00
# Visual Studio 15
VisualStudioVersion = 15.0.27004.2002
MinimumVisualStudioVersion = 10.0.40219.1
Project("{9A19103F-16F7-4668-BE54-9A1E7A4F7556}") = "SignalR.CoreHost", "SignalR.CoreHost\SignalR.CoreHost.csproj", "{661A014C-CDE9-44BF-B78C-AA9EB95470B5}"
EndProject
Project("{9A19103F-16F7-4668-BE54-9A1E7A4F7556}") = "SignalR.ConsoleClient", "SignalR.ConsoleClient\SignalR.ConsoleClient.csproj", "{8E25E863-945E-4FA5-AEC3-432E4ED59DCE}"
EndProject
Project("{9A19103F-16F7-4668-BE54-9A1E7A4F7556}") = "SignalR.Crank", "SignalR.Crank\SignalR.Crank.csproj", "{179540A9-C765-4FFE-9438-44094266FD51}"
EndProject
Project("{9A19103F-16F7-4668-BE54-9A1E7A4F7556}") = "SignalR.CmdLine", "SignalR.CmdLine\SignalR.CmdLine.csproj", "{6CA35E76-97FC-4CE4-AE66-D38AFC36B83D}"
EndProject
Project("{FAE04EC0-301F-11D3-BF4B-00C04F79EFBC}") = "SignalR.ClientV2", "SignalR.ClientV2\SignalR.ClientV2.csproj", "{4259720D-B360-4D5A-BA0D-0D43A5880D44}"
EndProject
Global
	GlobalSection(SolutionConfigurationPlatforms) = preSolution
		Debug|Any CPU = Debug|Any CPU
		Release|Any CPU = Release|Any CPU
	EndGlobalSection
	GlobalSection(ProjectConfigurationPlatforms) = postSolution
		{661A014C-CDE9-44BF-B78C-AA9EB95470B5}.Debug|Any CPU.ActiveCfg = Debug|Any CPU
		{661A014C-CDE9-44BF-B78C-AA9EB95470B5}.Debug|Any CPU.Build.0 = Debug|Any CPU
		{661A014C-CDE9-44BF-B78C-AA9EB95470B5}.Release|Any CPU.ActiveCfg = Release|Any CPU
		{661A014C-CDE9-44BF-B78C-AA9EB95470B5}.Release|Any CPU.Build.0 = Release|Any CPU
		{8E25E863-945E-4FA5-AEC3-432E4ED59DCE}.Debug|Any CPU.ActiveCfg = Debug|Any CPU
		{8E25E863-945E-4FA5-AEC3-432E4ED59DCE}.Debug|Any CPU.Build.0 = Debug|Any CPU
		{8E25E863-945E-4FA5-AEC3-432E4ED59DCE}.Release|Any CPU.ActiveCfg = Release|Any CPU
		{8E25E863-945E-4FA5-AEC3-432E4ED59DCE}.Release|Any CPU.Build.0 = Release|Any CPU
		{179540A9-C765-4FFE-9438-44094266FD51}.Debug|Any CPU.ActiveCfg = Debug|Any CPU
		{179540A9-C765-4FFE-9438-44094266FD51}.Debug|Any CPU.Build.0 = Debug|Any CPU
		{179540A9-C765-4FFE-9438-44094266FD51}.Release|Any CPU.ActiveCfg = Release|Any CPU
		{179540A9-C765-4FFE-9438-44094266FD51}.Release|Any CPU.Build.0 = Release|Any CPU
		{6CA35E76-97FC-4CE4-AE66-D38AFC36B83D}.Debug|Any CPU.ActiveCfg = Debug|Any CPU
		{6CA35E76-97FC-4CE4-AE66-D38AFC36B83D}.Debug|Any CPU.Build.0 = Debug|Any CPU
		{6CA35E76-97FC-4CE4-AE66-D38AFC36B83D}.Release|Any CPU.ActiveCfg = Release|Any CPU
		{6CA35E76-97FC-4CE4-AE66-D38AFC36B83D}.Release|Any CPU.Build.0 = Release|Any CPU
		{4259720D-B360-4D5A-BA0D-0D43A5880D44}.Debug|Any CPU.ActiveCfg = Debug|Any CPU
		{4259720D-B360-4D5A-BA0D-0D43A5880D44}.Debug|Any CPU.Build.0 = Debug|Any CPU
		{4259720D-B360-4D5A-BA0D-0D43A5880D44}.Release|Any CPU.ActiveCfg = Release|Any CPU
		{4259720D-B360-4D5A-BA0D-0D43A5880D44}.Release|Any CPU.Build.0 = Release|Any CPU
	EndGlobalSection
	GlobalSection(SolutionProperties) = preSolution
		HideSolutionNode = FALSE
	EndGlobalSection
	GlobalSection(ExtensibilityGlobals) = postSolution
		SolutionGuid = {907E43F8-0322-4957-AF4E-FC06BE1E196A}
	EndGlobalSection
EndGlobal
